
Microsoft Visual Studio Solution File, Format Version 12.00
# Visual Studio Version 17
VisualStudioVersion = 17.3.32929.385
MinimumVisualStudioVersion = 10.0.40219.1
Project("{FAE04EC0-301F-11D3-BF4B-00C04F79EFBC}") = "DemoGrpc", "DemoGrpc\DemoGrpc.csproj", "{BED606DA-5CFA-4A94-B111-0BF136EA37DC}"
EndProject
Project("{FAE04EC0-301F-11D3-BF4B-00C04F79EFBC}") = "GrpcService", "GrpcService\GrpcService.csproj", "{042BC153-471C-4857-908C-4F5285E287C3}"
EndProject
Global
	GlobalSection(SolutionConfigurationPlatforms) = preSolution
		Debug|Any CPU = Debug|Any CPU
		Release|Any CPU = Release|Any CPU
	EndGlobalSection
	GlobalSection(ProjectConfigurationPlatforms) = postSolution
		{BED606DA-5CFA-4A94-B111-0BF136EA37DC}.Debug|Any CPU.ActiveCfg = Debug|Any CPU
		{BED606DA-5CFA-4A94-B111-0BF136EA37DC}.Debug|Any CPU.Build.0 = Debug|Any CPU
		{BED606DA-5CFA-4A94-B111-0BF136EA37DC}.Release|Any CPU.ActiveCfg = Release|Any CPU
		{BED606DA-5CFA-4A94-B111-0BF136EA37DC}.Release|Any CPU.Build.0 = Release|Any CPU
		{042BC153-471C-4857-908C-4F5285E287C3}.Debug|Any CPU.ActiveCfg = Debug|Any CPU
		{042BC153-471C-4857-908C-4F5285E287C3}.Debug|Any CPU.Build.0 = Debug|Any CPU
		{042BC153-471C-4857-908C-4F5285E287C3}.Release|Any CPU.ActiveCfg = Release|Any CPU
		{042BC153-471C-4857-908C-4F5285E287C3}.Release|Any CPU.Build.0 = Release|Any CPU
	EndGlobalSection
	GlobalSection(SolutionProperties) = preSolution
		HideSolutionNode = FALSE
	EndGlobalSection
	GlobalSection(ExtensibilityGlobals) = postSolution
		SolutionGuid = {34A154CF-5F49-4674-8317-23BABB7E29BE}
	EndGlobalSection
EndGlobal
